
Microsoft Visual Studio Solution File, Format Version 12.00
# Visual Studio 15
VisualStudioVersion = 15.0.27130.2027
MinimumVisualStudioVersion = 10.0.40219.1
Project("{FAE04EC0-301F-11D3-BF4B-00C04F79EFBC}") = "OwaspRecommendedHeaders.Core", "OwaspRecommendedHeaders.Core\OwaspRecommendedHeaders.Core.csproj", "{EEF08972-CD82-42B3-828D-9B49DC7F884E}"
EndProject
Project("{FAE04EC0-301F-11D3-BF4B-00C04F79EFBC}") = "OwaspRecommendedHeaders.Core.Test", "OwaspRecommendedHeaders.Core.Test\OwaspRecommendedHeaders.Core.Test.csproj", "{413D650E-3D32-49FB-8175-FBD5EBE91ACA}"
EndProject
Global
	GlobalSection(SolutionConfigurationPlatforms) = preSolution
		Debug|Any CPU = Debug|Any CPU
		Release|Any CPU = Release|Any CPU
	EndGlobalSection
	GlobalSection(ProjectConfigurationPlatforms) = postSolution
		{EEF08972-CD82-42B3-828D-9B49DC7F884E}.Debug|Any CPU.ActiveCfg = Debug|Any CPU
		{EEF08972-CD82-42B3-828D-9B49DC7F884E}.Debug|Any CPU.Build.0 = Debug|Any CPU
		{EEF08972-CD82-42B3-828D-9B49DC7F884E}.Release|Any CPU.ActiveCfg = Release|Any CPU
		{EEF08972-CD82-42B3-828D-9B49DC7F884E}.Release|Any CPU.Build.0 = Release|Any CPU
		{413D650E-3D32-49FB-8175-FBD5EBE91ACA}.Debug|Any CPU.ActiveCfg = Debug|Any CPU
		{413D650E-3D32-49FB-8175-FBD5EBE91ACA}.Debug|Any CPU.Build.0 = Debug|Any CPU
		{413D650E-3D32-49FB-8175-FBD5EBE91ACA}.Release|Any CPU.ActiveCfg = Release|Any CPU
		{413D650E-3D32-49FB-8175-FBD5EBE91ACA}.Release|Any CPU.Build.0 = Release|Any CPU
	EndGlobalSection
	GlobalSection(SolutionProperties) = preSolution
		HideSolutionNode = FALSE
	EndGlobalSection
	GlobalSection(ExtensibilityGlobals) = postSolution
		SolutionGuid = {49D64FC6-D502-482F-8B70-0159951D7BB0}
	EndGlobalSection
EndGlobal
